
Microsoft Visual Studio Solution File, Format Version 12.00
# Visual Studio Version 17
VisualStudioVersion = 17.0.31903.59
MinimumVisualStudioVersion = 10.0.40219.1
Project("{FAE04EC0-301F-11D3-BF4B-00C04F79EFBC}") = "ApiGateway", "ApiGateway\ApiGateway.csproj", "{1FFB755D-CB33-43EB-90B1-B74E6FF8EC3D}"
EndProject
Project("{FAE04EC0-301F-11D3-BF4B-00C04F79EFBC}") = "FileStorageService", "FileStorageService\FileStorageService.csproj", "{B1D8513F-5A1B-4ECA-AAE4-B18C32609FB2}"
EndProject
Project("{FAE04EC0-301F-11D3-BF4B-00C04F79EFBC}") = "FileAnalysisService", "FileAnalysisService\FileAnalysisService.csproj", "{F410D72A-4E76-4999-AE0C-093195C2CD24}"
EndProject
Project("{2150E333-8FDC-42A3-9474-1A3956D46DE8}") = "Solution Items", "Solution Items", "{8EC462FD-D22E-90A8-E5CE-7E832BA40C5D}"
	ProjectSection(SolutionItems) = preProject
		docker-compose.yml = docker-compose.yml
	EndProjectSection
EndProject
Global
	GlobalSection(SolutionConfigurationPlatforms) = preSolution
		Debug|Any CPU = Debug|Any CPU
		Debug|x64 = Debug|x64
		Debug|x86 = Debug|x86
		Release|Any CPU = Release|Any CPU
		Release|x64 = Release|x64
		Release|x86 = Release|x86
	EndGlobalSection
	GlobalSection(ProjectConfigurationPlatforms) = postSolution
		{1FFB755D-CB33-43EB-90B1-B74E6FF8EC3D}.Debug|Any CPU.ActiveCfg = Debug|Any CPU
		{1FFB755D-CB33-43EB-90B1-B74E6FF8EC3D}.Debug|Any CPU.Build.0 = Debug|Any CPU
		{1FFB755D-CB33-43EB-90B1-B74E6FF8EC3D}.Debug|x64.ActiveCfg = Debug|Any CPU
		{1FFB755D-CB33-43EB-90B1-B74E6FF8EC3D}.Debug|x64.Build.0 = Debug|Any CPU
		{1FFB755D-CB33-43EB-90B1-B74E6FF8EC3D}.Debug|x86.ActiveCfg = Debug|Any CPU
		{1FFB755D-CB33-43EB-90B1-B74E6FF8EC3D}.Debug|x86.Build.0 = Debug|Any CPU
		{1FFB755D-CB33-43EB-90B1-B74E6FF8EC3D}.Release|Any CPU.ActiveCfg = Release|Any CPU
		{1FFB755D-CB33-43EB-90B1-B74E6FF8EC3D}.Release|Any CPU.Build.0 = Release|Any CPU
		{1FFB755D-CB33-43EB-90B1-B74E6FF8EC3D}.Release|x64.ActiveCfg = Release|Any CPU
		{1FFB755D-CB33-43EB-90B1-B74E6FF8EC3D}.Release|x64.Build.0 = Release|Any CPU
		{1FFB755D-CB33-43EB-90B1-B74E6FF8EC3D}.Release|x86.ActiveCfg = Release|Any CPU
		{1FFB755D-CB33-43EB-90B1-B74E6FF8EC3D}.Release|x86.Build.0 = Release|Any CPU
		{B1D8513F-5A1B-4ECA-AAE4-B18C32609FB2}.Debug|Any CPU.ActiveCfg = Debug|Any CPU
		{B1D8513F-5A1B-4ECA-AAE4-B18C32609FB2}.Debug|Any CPU.Build.0 = Debug|Any CPU
		{B1D8513F-5A1B-4ECA-AAE4-B18C32609FB2}.Debug|x64.ActiveCfg = Debug|Any CPU
		{B1D8513F-5A1B-4ECA-AAE4-B18C32609FB2}.Debug|x64.Build.0 = Debug|Any CPU
		{B1D8513F-5A1B-4ECA-AAE4-B18C32609FB2}.Debug|x86.ActiveCfg = Debug|Any CPU
		{B1D8513F-5A1B-4ECA-AAE4-B18C32609FB2}.Debug|x86.Build.0 = Debug|Any CPU
		{B1D8513F-5A1B-4ECA-AAE4-B18C32609FB2}.Release|Any CPU.ActiveCfg = Release|Any CPU
		{B1D8513F-5A1B-4ECA-AAE4-B18C32609FB2}.Release|Any CPU.Build.0 = Release|Any CPU
		{B1D8513F-5A1B-4ECA-AAE4-B18C32609FB2}.Release|x64.ActiveCfg = Release|Any CPU
		{B1D8513F-5A1B-4ECA-AAE4-B18C32609FB2}.Release|x64.Build.0 = Release|Any CPU
		{B1D8513F-5A1B-4ECA-AAE4-B18C32609FB2}.Release|x86.ActiveCfg = Release|Any CPU
		{B1D8513F-5A1B-4ECA-AAE4-B18C32609FB2}.Release|x86.Build.0 = Release|Any CPU
		{F410D72A-4E76-4999-AE0C-093195C2CD24}.Debug|Any CPU.ActiveCfg = Debug|Any CPU
		{F410D72A-4E76-4999-AE0C-093195C2CD24}.Debug|Any CPU.Build.0 = Debug|Any CPU
		{F410D72A-4E76-4999-AE0C-093195C2CD24}.Debug|x64.ActiveCfg = Debug|Any CPU
		{F410D72A-4E76-4999-AE0C-093195C2CD24}.Debug|x64.Build.0 = Debug|Any CPU
		{F410D72A-4E76-4999-AE0C-093195C2CD24}.Debug|x86.ActiveCfg = Debug|Any CPU
		{F410D72A-4E76-4999-AE0C-093195C2CD24}.Debug|x86.Build.0 = Debug|Any CPU
		{F410D72A-4E76-4999-AE0C-093195C2CD24}.Release|Any CPU.ActiveCfg = Release|Any CPU
		{F410D72A-4E76-4999-AE0C-093195C2CD24}.Release|Any CPU.Build.0 = Release|Any CPU
		{F410D72A-4E76-4999-AE0C-093195C2CD24}.Release|x64.ActiveCfg = Release|Any CPU
		{F410D72A-4E76-4999-AE0C-093195C2CD24}.Release|x64.Build.0 = Release|Any CPU
		{F410D72A-4E76-4999-AE0C-093195C2CD24}.Release|x86.ActiveCfg = Release|Any CPU
		{F410D72A-4E76-4999-AE0C-093195C2CD24}.Release|x86.Build.0 = Release|Any CPU
	EndGlobalSection
	GlobalSection(SolutionProperties) = preSolution
		HideSolutionNode = FALSE
	EndGlobalSection
	GlobalSection(ExtensibilityGlobals) = postSolution
		SolutionGuid = {32AE3295-F00A-45FC-A1AD-43A9A8B7D862}
	EndGlobalSection
EndGlobal
